
Microsoft Visual Studio Solution File, Format Version 12.00
# Visual Studio Express 2013 for Windows Desktop
VisualStudioVersion = 12.0.20617.1 PREVIEW
MinimumVisualStudioVersion = 10.0.40219.1
Project("{8BC9CEB8-8B4A-11D0-8D11-00A0C91BC942}") = "App", "App\App.vcxproj", "{BCF8E439-2CB7-4880-9112-89D482A93DD5}"
	ProjectSection(ProjectDependencies) = postProject
		{DD4DBA4F-9FE2-40E1-A981-DCDDD32E6375} = {DD4DBA4F-9FE2-40E1-A981-DCDDD32E6375}
	EndProjectSection
EndProject
Project("{8BC9CEB8-8B4A-11D0-8D11-00A0C91BC942}") = "Sdk", "Sdk\Sdk.vcxproj", "{DD4DBA4F-9FE2-40E1-A981-DCDDD32E6375}"
EndProject
Global
	GlobalSection(SolutionConfigurationPlatforms) = preSolution
		Debug|Win32 = Debug|Win32
		Release|Win32 = Release|Win32
	EndGlobalSection
	GlobalSection(ProjectConfigurationPlatforms) = postSolution
		{BCF8E439-2CB7-4880-9112-89D482A93DD5}.Debug|Win32.ActiveCfg = Debug|Win32
		{BCF8E439-2CB7-4880-9112-89D482A93DD5}.Debug|Win32.Build.0 = Debug|Win32
		{BCF8E439-2CB7-4880-9112-89D482A93DD5}.Release|Win32.ActiveCfg = Release|Win32
		{BCF8E439-2CB7-4880-9112-89D482A93DD5}.Release|Win32.Build.0 = Release|Win32
		{DD4DBA4F-9FE2-40E1-A981-DCDDD32E6375}.Debug|Win32.ActiveCfg = Debug|Win32
		{DD4DBA4F-9FE2-40E1-A981-DCDDD32E6375}.Debug|Win32.Build.0 = Debug|Win32
		{DD4DBA4F-9FE2-40E1-A981-DCDDD32E6375}.Release|Win32.ActiveCfg = Release|Win32
		{DD4DBA4F-9FE2-40E1-A981-DCDDD32E6375}.Release|Win32.Build.0 = Release|Win32
	EndGlobalSection
	GlobalSection(SolutionProperties) = preSolution
		HideSolutionNode = FALSE
	EndGlobalSection
EndGlobal
